
Microsoft Visual Studio Solution File, Format Version 11.00
# Visual Studio 2010
Project("{FAE04EC0-301F-11D3-BF4B-00C04F79EFBC}") = "jp.keijiro.osc-jack.Runtime", "jp.keijiro.osc-jack.Runtime.csproj", "{51BDEEC2-F9C3-3944-EFC7-285709D1A0B1}"
EndProject
Project("{FAE04EC0-301F-11D3-BF4B-00C04F79EFBC}") = "Assembly-CSharp", "Assembly-CSharp.csproj", "{66573BAF-FDC2-3EDA-ECDA-B32502E0F08B}"
EndProject
Project("{FAE04EC0-301F-11D3-BF4B-00C04F79EFBC}") = "jp.keijiro.osc-jack.Editor", "jp.keijiro.osc-jack.Editor.csproj", "{E4676093-0D7A-AF2F-B0A7-96E979257416}"
EndProject
Project("{FAE04EC0-301F-11D3-BF4B-00C04F79EFBC}") = "Assembly-CSharp-Editor", "Assembly-CSharp-Editor.csproj", "{D311CFB4-F871-9DB7-5F29-E71143539DB2}"
EndProject
Global
	GlobalSection(SolutionConfigurationPlatforms) = preSolution
		Debug|Any CPU = Debug|Any CPU
		Release|Any CPU = Release|Any CPU
	EndGlobalSection
	GlobalSection(ProjectConfigurationPlatforms) = postSolution
		{51BDEEC2-F9C3-3944-EFC7-285709D1A0B1}.Debug|Any CPU.ActiveCfg = Debug|Any CPU
		{51BDEEC2-F9C3-3944-EFC7-285709D1A0B1}.Debug|Any CPU.Build.0 = Debug|Any CPU
		{51BDEEC2-F9C3-3944-EFC7-285709D1A0B1}.Release|Any CPU.ActiveCfg = Release|Any CPU
		{51BDEEC2-F9C3-3944-EFC7-285709D1A0B1}.Release|Any CPU.Build.0 = Release|Any CPU
		{66573BAF-FDC2-3EDA-ECDA-B32502E0F08B}.Debug|Any CPU.ActiveCfg = Debug|Any CPU
		{66573BAF-FDC2-3EDA-ECDA-B32502E0F08B}.Debug|Any CPU.Build.0 = Debug|Any CPU
		{66573BAF-FDC2-3EDA-ECDA-B32502E0F08B}.Release|Any CPU.ActiveCfg = Release|Any CPU
		{66573BAF-FDC2-3EDA-ECDA-B32502E0F08B}.Release|Any CPU.Build.0 = Release|Any CPU
		{E4676093-0D7A-AF2F-B0A7-96E979257416}.Debug|Any CPU.ActiveCfg = Debug|Any CPU
		{E4676093-0D7A-AF2F-B0A7-96E979257416}.Debug|Any CPU.Build.0 = Debug|Any CPU
		{E4676093-0D7A-AF2F-B0A7-96E979257416}.Release|Any CPU.ActiveCfg = Release|Any CPU
		{E4676093-0D7A-AF2F-B0A7-96E979257416}.Release|Any CPU.Build.0 = Release|Any CPU
		{D311CFB4-F871-9DB7-5F29-E71143539DB2}.Debug|Any CPU.ActiveCfg = Debug|Any CPU
		{D311CFB4-F871-9DB7-5F29-E71143539DB2}.Debug|Any CPU.Build.0 = Debug|Any CPU
		{D311CFB4-F871-9DB7-5F29-E71143539DB2}.Release|Any CPU.ActiveCfg = Release|Any CPU
		{D311CFB4-F871-9DB7-5F29-E71143539DB2}.Release|Any CPU.Build.0 = Release|Any CPU
	EndGlobalSection
	GlobalSection(SolutionProperties) = preSolution
		HideSolutionNode = FALSE
	EndGlobalSection
EndGlobal
