
Microsoft Visual Studio Solution File, Format Version 11.00
# Visual Studio 2010
Project("{FAE04EC0-301F-11D3-BF4B-00C04F79EFBC}") = "Assembly-CSharp", "Assembly-CSharp.csproj", "{EAE205F0-625F-744C-4186-AEC85F5111BF}"
EndProject
Project("{FAE04EC0-301F-11D3-BF4B-00C04F79EFBC}") = "jp.keijiro.osc-jack.Runtime", "jp.keijiro.osc-jack.Runtime.csproj", "{49E8DE7C-4BC6-9996-9447-22DE890EBD88}"
EndProject
Project("{FAE04EC0-301F-11D3-BF4B-00C04F79EFBC}") = "Assembly-CSharp-Editor", "Assembly-CSharp-Editor.csproj", "{FFF59352-532A-2FF3-976E-7BDFD6C98EE0}"
EndProject
Project("{FAE04EC0-301F-11D3-BF4B-00C04F79EFBC}") = "jp.keijiro.osc-jack.Editor", "jp.keijiro.osc-jack.Editor.csproj", "{17390C67-8CD0-01D8-9DCF-337B432C4325}"
EndProject
Global
	GlobalSection(SolutionConfigurationPlatforms) = preSolution
		Debug|Any CPU = Debug|Any CPU
		Release|Any CPU = Release|Any CPU
	EndGlobalSection
	GlobalSection(ProjectConfigurationPlatforms) = postSolution
		{EAE205F0-625F-744C-4186-AEC85F5111BF}.Debug|Any CPU.ActiveCfg = Debug|Any CPU
		{EAE205F0-625F-744C-4186-AEC85F5111BF}.Debug|Any CPU.Build.0 = Debug|Any CPU
		{EAE205F0-625F-744C-4186-AEC85F5111BF}.Release|Any CPU.ActiveCfg = Release|Any CPU
		{EAE205F0-625F-744C-4186-AEC85F5111BF}.Release|Any CPU.Build.0 = Release|Any CPU
		{49E8DE7C-4BC6-9996-9447-22DE890EBD88}.Debug|Any CPU.ActiveCfg = Debug|Any CPU
		{49E8DE7C-4BC6-9996-9447-22DE890EBD88}.Debug|Any CPU.Build.0 = Debug|Any CPU
		{49E8DE7C-4BC6-9996-9447-22DE890EBD88}.Release|Any CPU.ActiveCfg = Release|Any CPU
		{49E8DE7C-4BC6-9996-9447-22DE890EBD88}.Release|Any CPU.Build.0 = Release|Any CPU
		{FFF59352-532A-2FF3-976E-7BDFD6C98EE0}.Debug|Any CPU.ActiveCfg = Debug|Any CPU
		{FFF59352-532A-2FF3-976E-7BDFD6C98EE0}.Debug|Any CPU.Build.0 = Debug|Any CPU
		{FFF59352-532A-2FF3-976E-7BDFD6C98EE0}.Release|Any CPU.ActiveCfg = Release|Any CPU
		{FFF59352-532A-2FF3-976E-7BDFD6C98EE0}.Release|Any CPU.Build.0 = Release|Any CPU
		{17390C67-8CD0-01D8-9DCF-337B432C4325}.Debug|Any CPU.ActiveCfg = Debug|Any CPU
		{17390C67-8CD0-01D8-9DCF-337B432C4325}.Debug|Any CPU.Build.0 = Debug|Any CPU
		{17390C67-8CD0-01D8-9DCF-337B432C4325}.Release|Any CPU.ActiveCfg = Release|Any CPU
		{17390C67-8CD0-01D8-9DCF-337B432C4325}.Release|Any CPU.Build.0 = Release|Any CPU
	EndGlobalSection
	GlobalSection(SolutionProperties) = preSolution
		HideSolutionNode = FALSE
	EndGlobalSection
EndGlobal
